
Microsoft Visual Studio Solution File, Format Version 12.00
# Visual Studio Version 17
VisualStudioVersion = 17.1.32210.238
MinimumVisualStudioVersion = 10.0.40219.1
Project("{FAE04EC0-301F-11D3-BF4B-00C04F79EFBC}") = "ConsoleApp1-GithubTest", "ConsoleApp1-GithubTest\ConsoleApp1-GithubTest.csproj", "{A3BD3EB4-2870-4272-AC75-5B90C92E01B4}"
EndProject
Global
	GlobalSection(SolutionConfigurationPlatforms) = preSolution
		Debug|Any CPU = Debug|Any CPU
		Release|Any CPU = Release|Any CPU
	EndGlobalSection
	GlobalSection(ProjectConfigurationPlatforms) = postSolution
		{A3BD3EB4-2870-4272-AC75-5B90C92E01B4}.Debug|Any CPU.ActiveCfg = Debug|Any CPU
		{A3BD3EB4-2870-4272-AC75-5B90C92E01B4}.Debug|Any CPU.Build.0 = Debug|Any CPU
		{A3BD3EB4-2870-4272-AC75-5B90C92E01B4}.Release|Any CPU.ActiveCfg = Release|Any CPU
		{A3BD3EB4-2870-4272-AC75-5B90C92E01B4}.Release|Any CPU.Build.0 = Release|Any CPU
	EndGlobalSection
	GlobalSection(SolutionProperties) = preSolution
		HideSolutionNode = FALSE
	EndGlobalSection
	GlobalSection(ExtensibilityGlobals) = postSolution
		SolutionGuid = {267069FD-5642-4531-8915-9D2B69D90331}
	EndGlobalSection
EndGlobal
